
Microsoft Visual Studio Solution File, Format Version 12.00
# Visual Studio 15
Project("{FAE04EC0-301F-11D3-BF4B-00C04F79EFBC}") = "Assembly-CSharp", "Assembly-CSharp.csproj", "{FDC720C5-D1E4-95A6-02AF-F41593C47485}"
EndProject
Project("{FAE04EC0-301F-11D3-BF4B-00C04F79EFBC}") = "Assembly-CSharp-Editor", "Assembly-CSharp-Editor.csproj", "{D4EF473A-3E65-C36C-8209-ACE1EB455E30}"
EndProject
Global
	GlobalSection(SolutionConfigurationPlatforms) = preSolution
		Debug|Any CPU = Debug|Any CPU
		Release|Any CPU = Release|Any CPU
	EndGlobalSection
	GlobalSection(ProjectConfigurationPlatforms) = postSolution
		{FDC720C5-D1E4-95A6-02AF-F41593C47485}.Debug|Any CPU.ActiveCfg = Debug|Any CPU
		{FDC720C5-D1E4-95A6-02AF-F41593C47485}.Debug|Any CPU.Build.0 = Debug|Any CPU
		{FDC720C5-D1E4-95A6-02AF-F41593C47485}.Release|Any CPU.ActiveCfg = Release|Any CPU
		{FDC720C5-D1E4-95A6-02AF-F41593C47485}.Release|Any CPU.Build.0 = Release|Any CPU
		{D4EF473A-3E65-C36C-8209-ACE1EB455E30}.Debug|Any CPU.ActiveCfg = Debug|Any CPU
		{D4EF473A-3E65-C36C-8209-ACE1EB455E30}.Debug|Any CPU.Build.0 = Debug|Any CPU
		{D4EF473A-3E65-C36C-8209-ACE1EB455E30}.Release|Any CPU.ActiveCfg = Release|Any CPU
		{D4EF473A-3E65-C36C-8209-ACE1EB455E30}.Release|Any CPU.Build.0 = Release|Any CPU
	EndGlobalSection
	GlobalSection(SolutionProperties) = preSolution
		HideSolutionNode = FALSE
	EndGlobalSection
EndGlobal
